version: 1.0
type: Event

uid: event:morning-study-block
title: Morning Study Block — 25 min

description: |
  Daily recurring focused study session. Same time, same place, same rules:
  phone off, one topic, full attention for 25 minutes.

event_type: RECURRING
status: scheduled
priority: high
location: Home desk — quiet study space
is_online: false
recurrence_rule: "FREQ=DAILY;BYDAY=MO,TU,WE,TH,FR"
start_time: "08:00"
end_time: "08:25"

connections:
  contributes_to_goal:
    - goal:build-daily-learning-practice
  reinforces_habit:
    - habit:daily-focused-study

tags:
  - study
  - morning
  - recurring
  - focus
